
Microsoft Visual Studio Solution File, Format Version 12.00
# Visual Studio Version 17
VisualStudioVersion = 17.12.35506.116
MinimumVisualStudioVersion = 10.0.40219.1
Project("{FAE04EC0-301F-11D3-BF4B-00C04F79EFBC}") = "BinarySearch", "DSA\BinarySearch.csproj", "{FAE4F537-A35C-47DC-95E6-D10CD5F01BB6}"
EndProject
Project("{FAE04EC0-301F-11D3-BF4B-00C04F79EFBC}") = "SelectionSort", "SelectionSort\SelectionSort.csproj", "{9C2BF835-641E-49A6-AFD9-6A72AE67AA9D}"
EndProject
Project("{FAE04EC0-301F-11D3-BF4B-00C04F79EFBC}") = "QuickSort", "QuickSort\QuickSort.csproj", "{77A30664-4843-41F0-9B40-6CB2F2B6AD29}"
EndProject
Global
	GlobalSection(SolutionConfigurationPlatforms) = preSolution
		Debug|Any CPU = Debug|Any CPU
		Release|Any CPU = Release|Any CPU
	EndGlobalSection
	GlobalSection(ProjectConfigurationPlatforms) = postSolution
		{FAE4F537-A35C-47DC-95E6-D10CD5F01BB6}.Debug|Any CPU.ActiveCfg = Debug|Any CPU
		{FAE4F537-A35C-47DC-95E6-D10CD5F01BB6}.Debug|Any CPU.Build.0 = Debug|Any CPU
		{FAE4F537-A35C-47DC-95E6-D10CD5F01BB6}.Release|Any CPU.ActiveCfg = Release|Any CPU
		{FAE4F537-A35C-47DC-95E6-D10CD5F01BB6}.Release|Any CPU.Build.0 = Release|Any CPU
		{9C2BF835-641E-49A6-AFD9-6A72AE67AA9D}.Debug|Any CPU.ActiveCfg = Debug|Any CPU
		{9C2BF835-641E-49A6-AFD9-6A72AE67AA9D}.Debug|Any CPU.Build.0 = Debug|Any CPU
		{9C2BF835-641E-49A6-AFD9-6A72AE67AA9D}.Release|Any CPU.ActiveCfg = Release|Any CPU
		{9C2BF835-641E-49A6-AFD9-6A72AE67AA9D}.Release|Any CPU.Build.0 = Release|Any CPU
		{77A30664-4843-41F0-9B40-6CB2F2B6AD29}.Debug|Any CPU.ActiveCfg = Debug|Any CPU
		{77A30664-4843-41F0-9B40-6CB2F2B6AD29}.Debug|Any CPU.Build.0 = Debug|Any CPU
		{77A30664-4843-41F0-9B40-6CB2F2B6AD29}.Release|Any CPU.ActiveCfg = Release|Any CPU
		{77A30664-4843-41F0-9B40-6CB2F2B6AD29}.Release|Any CPU.Build.0 = Release|Any CPU
	EndGlobalSection
	GlobalSection(SolutionProperties) = preSolution
		HideSolutionNode = FALSE
	EndGlobalSection
EndGlobal
